
Microsoft Visual Studio Solution File, Format Version 12.00
# Visual Studio Version 17
VisualStudioVersion = 17.14.36518.9 d17.14
MinimumVisualStudioVersion = 10.0.40219.1
Project("{FAE04EC0-301F-11D3-BF4B-00C04F79EFBC}") = "Hanwsallak.API", "Hanwsallak\Hanwsallak.API.csproj", "{5374A2EA-3428-481A-9031-666E1914DB5F}"
EndProject
Project("{FAE04EC0-301F-11D3-BF4B-00C04F79EFBC}") = "Hanwsallak.Infrastructure", "Hanwsallak.Infrastructure\Hanwsallak.Infrastructure.csproj", "{731AF0D4-C34C-4AC5-AA6C-A2CF971A88FA}"
EndProject
Project("{FAE04EC0-301F-11D3-BF4B-00C04F79EFBC}") = "Hanwsallak.Domain", "Hanwsallak.Domain\Hanwsallak.Domain.csproj", "{8982A8FA-6234-4023-84C9-0563F610CF87}"
EndProject
Global
	GlobalSection(SolutionConfigurationPlatforms) = preSolution
		Debug|Any CPU = Debug|Any CPU
		Release|Any CPU = Release|Any CPU
	EndGlobalSection
	GlobalSection(ProjectConfigurationPlatforms) = postSolution
		{5374A2EA-3428-481A-9031-666E1914DB5F}.Debug|Any CPU.ActiveCfg = Debug|Any CPU
		{5374A2EA-3428-481A-9031-666E1914DB5F}.Debug|Any CPU.Build.0 = Debug|Any CPU
		{5374A2EA-3428-481A-9031-666E1914DB5F}.Release|Any CPU.ActiveCfg = Release|Any CPU
		{5374A2EA-3428-481A-9031-666E1914DB5F}.Release|Any CPU.Build.0 = Release|Any CPU
		{731AF0D4-C34C-4AC5-AA6C-A2CF971A88FA}.Debug|Any CPU.ActiveCfg = Debug|Any CPU
		{731AF0D4-C34C-4AC5-AA6C-A2CF971A88FA}.Debug|Any CPU.Build.0 = Debug|Any CPU
		{731AF0D4-C34C-4AC5-AA6C-A2CF971A88FA}.Release|Any CPU.ActiveCfg = Release|Any CPU
		{731AF0D4-C34C-4AC5-AA6C-A2CF971A88FA}.Release|Any CPU.Build.0 = Release|Any CPU
		{8982A8FA-6234-4023-84C9-0563F610CF87}.Debug|Any CPU.ActiveCfg = Debug|Any CPU
		{8982A8FA-6234-4023-84C9-0563F610CF87}.Debug|Any CPU.Build.0 = Debug|Any CPU
		{8982A8FA-6234-4023-84C9-0563F610CF87}.Release|Any CPU.ActiveCfg = Release|Any CPU
		{8982A8FA-6234-4023-84C9-0563F610CF87}.Release|Any CPU.Build.0 = Release|Any CPU
	EndGlobalSection
	GlobalSection(SolutionProperties) = preSolution
		HideSolutionNode = FALSE
	EndGlobalSection
	GlobalSection(ExtensibilityGlobals) = postSolution
		SolutionGuid = {5693414A-53CE-407E-8EFD-EE0B37A01268}
	EndGlobalSection
EndGlobal
